
Microsoft Visual Studio Solution File, Format Version 12.00
# Visual Studio Version 16
VisualStudioVersion = 16.0.30225.117
MinimumVisualStudioVersion = 10.0.40219.1
Project("{FAE04EC0-301F-11D3-BF4B-00C04F79EFBC}") = "BlazorLab", "BlazorLab\BlazorLab.csproj", "{B19492D3-9D65-4992-8318-02E78A820140}"
EndProject
Global
	GlobalSection(SolutionConfigurationPlatforms) = preSolution
		Debug|Any CPU = Debug|Any CPU
		Release|Any CPU = Release|Any CPU
	EndGlobalSection
	GlobalSection(ProjectConfigurationPlatforms) = postSolution
		{B19492D3-9D65-4992-8318-02E78A820140}.Debug|Any CPU.ActiveCfg = Debug|Any CPU
		{B19492D3-9D65-4992-8318-02E78A820140}.Debug|Any CPU.Build.0 = Debug|Any CPU
		{B19492D3-9D65-4992-8318-02E78A820140}.Release|Any CPU.ActiveCfg = Release|Any CPU
		{B19492D3-9D65-4992-8318-02E78A820140}.Release|Any CPU.Build.0 = Release|Any CPU
	EndGlobalSection
	GlobalSection(SolutionProperties) = preSolution
		HideSolutionNode = FALSE
	EndGlobalSection
	GlobalSection(ExtensibilityGlobals) = postSolution
		SolutionGuid = {50202823-68DA-4949-9D85-B6F282AB9EDB}
	EndGlobalSection
EndGlobal
